
Microsoft Visual Studio Solution File, Format Version 12.00
# Visual Studio Version 17
VisualStudioVersion = 17.6.33723.286
MinimumVisualStudioVersion = 10.0.40219.1
Project("{9A19103F-16F7-4668-BE54-9A1E7A4F7556}") = "FrybreadFusion", "FrybreadFusion.csproj", "{EA555C40-8D23-4A02-BE99-6C42F37EE3CF}"
EndProject
Project("{FAE04EC0-301F-11D3-BF4B-00C04F79EFBC}") = "QuizTests", "..\QuizTests\QuizTests.csproj", "{FB0F022B-C584-4D5F-AEED-40B9C8549990}"
EndProject
Global
	GlobalSection(SolutionConfigurationPlatforms) = preSolution
		Debug|Any CPU = Debug|Any CPU
		Release|Any CPU = Release|Any CPU
	EndGlobalSection
	GlobalSection(ProjectConfigurationPlatforms) = postSolution
		{EA555C40-8D23-4A02-BE99-6C42F37EE3CF}.Debug|Any CPU.ActiveCfg = Debug|Any CPU
		{EA555C40-8D23-4A02-BE99-6C42F37EE3CF}.Debug|Any CPU.Build.0 = Debug|Any CPU
		{EA555C40-8D23-4A02-BE99-6C42F37EE3CF}.Release|Any CPU.ActiveCfg = Release|Any CPU
		{EA555C40-8D23-4A02-BE99-6C42F37EE3CF}.Release|Any CPU.Build.0 = Release|Any CPU
		{FB0F022B-C584-4D5F-AEED-40B9C8549990}.Debug|Any CPU.ActiveCfg = Debug|Any CPU
		{FB0F022B-C584-4D5F-AEED-40B9C8549990}.Debug|Any CPU.Build.0 = Debug|Any CPU
		{FB0F022B-C584-4D5F-AEED-40B9C8549990}.Release|Any CPU.ActiveCfg = Release|Any CPU
		{FB0F022B-C584-4D5F-AEED-40B9C8549990}.Release|Any CPU.Build.0 = Release|Any CPU
	EndGlobalSection
	GlobalSection(SolutionProperties) = preSolution
		HideSolutionNode = FALSE
	EndGlobalSection
	GlobalSection(ExtensibilityGlobals) = postSolution
		SolutionGuid = {6F3D8BDC-7283-454E-ADCD-B222B429A76E}
	EndGlobalSection
EndGlobal
